
Microsoft Visual Studio Solution File, Format Version 12.00
# Visual Studio Version 17
VisualStudioVersion = 17.10.35013.160
MinimumVisualStudioVersion = 10.0.40219.1
Project("{FAE04EC0-301F-11D3-BF4B-00C04F79EFBC}") = "IntegraBrasilApi", "IntegraBrasilApi.csproj", "{342B52A3-5EB5-4DC5-A6A9-89EF47DDAFF1}"
EndProject
Global
	GlobalSection(SolutionConfigurationPlatforms) = preSolution
		Debug|Any CPU = Debug|Any CPU
		Release|Any CPU = Release|Any CPU
	EndGlobalSection
	GlobalSection(ProjectConfigurationPlatforms) = postSolution
		{342B52A3-5EB5-4DC5-A6A9-89EF47DDAFF1}.Debug|Any CPU.ActiveCfg = Debug|Any CPU
		{342B52A3-5EB5-4DC5-A6A9-89EF47DDAFF1}.Debug|Any CPU.Build.0 = Debug|Any CPU
		{342B52A3-5EB5-4DC5-A6A9-89EF47DDAFF1}.Release|Any CPU.ActiveCfg = Release|Any CPU
		{342B52A3-5EB5-4DC5-A6A9-89EF47DDAFF1}.Release|Any CPU.Build.0 = Release|Any CPU
	EndGlobalSection
	GlobalSection(SolutionProperties) = preSolution
		HideSolutionNode = FALSE
	EndGlobalSection
	GlobalSection(ExtensibilityGlobals) = postSolution
		SolutionGuid = {BF2DE4F5-375D-4971-A862-C0143DDADFF7}
	EndGlobalSection
EndGlobal
